# @generated - this file is auto-generated by `mise lock` https://mise.jdx.dev/dev-tools/mise-lock.html

[[tools.aqua]]
version = "2.62.1"
backend = "github:aquaproj/aqua"

[tools.aqua."platforms.linux-x64"]
checksum = "sha256:ddbbc4d737de5836467cf80eb316e3c468c74012c134fe2799ac37d95d3ca7b8"
url = "https://github.com/aquaproj/aqua/releases/download/v2.62.1/aqua_linux_amd64.tar.gz"
url_api = "https://api.github.com/repos/aquaproj/aqua/releases/assets/484796761"
provenance = "github-attestations"

[[tools."github:agentika-labs/grepika"]]
version = "0.4.0"
backend = "github:agentika-labs/grepika"

[tools."github:agentika-labs/grepika".options]
asset_pattern = "grepika-x86_64-unknown-linux-gnu.tar.gz"

[tools."github:agentika-labs/grepika"."platforms.linux-x64"]
checksum = "sha256:d483212373fe7bb72ceda2b53603c4de340295d18702308b71e33b4b52aca15c"
url = "https://github.com/agentika-labs/grepika/releases/download/v0.4.0/grepika-x86_64-unknown-linux-gnu.tar.gz"
url_api = "https://api.github.com/repos/agentika-labs/grepika/releases/assets/454053138"

[[tools."github:justrach/codedb"]]
version = "0.2.5831"
backend = "github:justrach/codedb"

[tools."github:justrach/codedb".options]
asset_pattern = "codedb-linux-x86_64"

[tools."github:justrach/codedb"."platforms.linux-x64"]
checksum = "sha256:9c77d8f483687c12c94f2f97597477021b88ba99d9c30ce3d4576febd250dde4"
url = "https://github.com/justrach/codedb/releases/download/v0.2.5831/codedb-linux-x86_64"
url_api = "https://api.github.com/repos/justrach/codedb/releases/assets/482482138"

[[tools."github:k1LoW/mo"]]
version = "1.6.6"
backend = "github:k1LoW/mo"

[tools."github:k1LoW/mo".options]
asset_pattern = "mo_v*_linux_amd64.tar.gz"

[tools."github:k1LoW/mo"."platforms.linux-x64"]
checksum = "sha256:efaacf08ccb828811dcd2b5bb0b82e764e54bcf545bad3a5d1ade39918f2796c"
url = "https://github.com/k1LoW/mo/releases/download/v1.6.6/mo_v1.6.6_linux_amd64.tar.gz"
url_api = "https://api.github.com/repos/k1LoW/mo/releases/assets/486016353"
provenance = "github-attestations"

[[tools."github:mizchi/starlint"]]
version = "0.7.2"
backend = "github:mizchi/starlint"

[tools."github:mizchi/starlint".options]
asset_pattern = "starlint-linux-x64.tar.gz"

[tools."github:mizchi/starlint"."platforms.linux-x64"]
checksum = "sha256:28c3784f84165c0287cfdce156b4b19f349e53d5177430c407a7e59b6fb2b782"
url = "https://github.com/mizchi/starlint/releases/download/v0.7.2/starlint-linux-x64.tar.gz"
url_api = "https://api.github.com/repos/mizchi/starlint/releases/assets/352944671"

[[tools."github:zed-industries/zed"]]
version = "1.12.0"
backend = "github:zed-industries/zed"

[tools."github:zed-industries/zed".options]
asset_pattern = "zed-linux-x86_64.tar.gz"

[tools."github:zed-industries/zed"."platforms.linux-x64"]
checksum = "sha256:fedaec1e617fc78fe56ff82e63ee51562902d9904b1120330c1802fec2b84315"
url = "https://github.com/zed-industries/zed/releases/download/v1.12.0/zed-linux-x86_64.tar.gz"
url_api = "https://api.github.com/repos/zed-industries/zed/releases/assets/486554047"
provenance = "github-attestations"

[[tools.herdr]]
version = "0.7.5"
backend = "aqua:ogulcancelik/herdr"

[tools.herdr."platforms.linux-x64"]
checksum = "sha256:3dc83288073e4c2d3c679a30e7be97bcca9141c6fd17dbbb9219142e95c59253"
url = "https://github.com/ogulcancelik/herdr/releases/download/v0.7.5/herdr-linux-x86_64"
url_api = "https://api.github.com/repos/ogulcancelik/herdr/releases/assets/484992544"

[[tools."http:coderabbit"]]
version = "0.7.0"
backend = "http:coderabbit"

[tools."http:coderabbit".options]
rename_exe = "coderabbit"

[tools."http:coderabbit"."platforms.linux-x64"]
checksum = "blake3:e5e0359879c4c28fa99f5426255c295d466e6023a784796d646f897f0a0358ff"
url = "https://cli.coderabbit.ai/releases/0.7.0/coderabbit-linux-x64.zip"

[[tools."npm:@tobilu/qmd"]]
version = "2.5.3"
backend = "npm:@tobilu/qmd"

[tools."npm:@tobilu/qmd".options]
npm_args = "--ignore-scripts=false"

[[tools."npm:@xai-official/grok"]]
version = "0.2.112"
backend = "npm:@xai-official/grok"

[[tools."npm:agent-browser"]]
version = "0.33.0"
backend = "npm:agent-browser"

[[tools."pipx:apm-cli"]]
version = "0.26.0"
backend = "pipx:apm-cli"

[[tools.portless]]
version = "0.15.4"
backend = "npm:portless"
