lockfile_version: '1'
generated_at: '2026-08-01T04:51:56.385256+00:00'
apm_version: 0.26.0
dependencies: []
deployments: []
mcp_servers:
- context7
- exa
- linear
- penpot
mcp_configs:
  context7:
    name: context7
    transport: http
    registry: false
    url: https://mcp.context7.com/mcp
  exa:
    name: exa
    transport: stdio
    args:
    - -y
    - exa-mcp-server
    registry: false
    command: npx
  linear:
    name: linear
    transport: http
    registry: false
    url: https://mcp.linear.app/mcp
  penpot:
    name: penpot
    transport: stdio
    args:
    - -y
    - mcp-remote
    - http://localhost:4401/mcp
    - --allow-http
    registry: false
    command: npx
