{
  "name": "portless",
  "version": "0.15.6",
  "lockfileVersion": 3,
  "requires": true,
  "packages": {
    "": {
      "name": "portless",
      "version": "0.15.6",
      "license": "Apache-2.0",
      "bin": {
        "portless": "./dist/cli.js"
      },
      "engines": {
        "node": ">=24"
      },
      "os": [
        "darwin",
        "linux",
        "win32"
      ]
    }
  }
}
