# @generated - this file is auto-generated by `mise lock` https://mise.jdx.dev/dev-tools/mise-lock.html

[[tools.aqua]]
version = "2.62.3"
backend = "github:aquaproj/aqua"

[tools.aqua."platforms.linux-x64"]
checksum = "sha256:89cb081adb19e425b1dca6b16d912c349a43535ce88d8713050738c9263618d0"
url = "https://github.com/aquaproj/aqua/releases/download/v2.62.3/aqua_linux_amd64.tar.gz"
url_api = "https://api.github.com/repos/aquaproj/aqua/releases/assets/498541913"
provenance = "github-attestations"
provenance_verified = true

[[tools."github:agentika-labs/grepika"]]
version = "0.4.0"
backend = "github:agentika-labs/grepika"

[tools."github:agentika-labs/grepika".options]
asset_pattern = "grepika-x86_64-unknown-linux-gnu.tar.gz"

[tools."github:agentika-labs/grepika"."platforms.linux-x64"]
checksum = "sha256:d483212373fe7bb72ceda2b53603c4de340295d18702308b71e33b4b52aca15c"
url = "https://github.com/agentika-labs/grepika/releases/download/v0.4.0/grepika-x86_64-unknown-linux-gnu.tar.gz"
url_api = "https://api.github.com/repos/agentika-labs/grepika/releases/assets/454053138"

[[tools."github:justrach/codedb"]]
version = "0.2.5843"
backend = "github:justrach/codedb"

[tools."github:justrach/codedb".options]
asset_pattern = "codedb-linux-x86_64"

[tools."github:justrach/codedb"."platforms.linux-x64"]
checksum = "sha256:e30d50b5a83ec978319a4c2c985eef69f5dde0bee83ecb7d1c95c87fa9fbf585"
url = "https://github.com/justrach/codedb/releases/download/v0.2.5843/codedb-linux-x86_64"
url_api = "https://api.github.com/repos/justrach/codedb/releases/assets/525286426"

[[tools."github:k1LoW/mo"]]
version = "1.6.7"
backend = "github:k1LoW/mo"

[tools."github:k1LoW/mo".options]
asset_pattern = "mo_v*_linux_amd64.tar.gz"

[tools."github:k1LoW/mo"."platforms.linux-x64"]
checksum = "sha256:130666a7c8dfd1528d07f87b21adf5bfc1314707889e85ebbab1a5248d7ded11"
url = "https://github.com/k1LoW/mo/releases/download/v1.6.7/mo_v1.6.7_linux_amd64.tar.gz"
url_api = "https://api.github.com/repos/k1LoW/mo/releases/assets/499857678"
provenance = "github-attestations"
provenance_verified = true

[[tools."github:mizchi/starlint"]]
version = "0.7.2"
backend = "github:mizchi/starlint"

[tools."github:mizchi/starlint".options]
asset_pattern = "starlint-linux-x64.tar.gz"

[tools."github:mizchi/starlint"."platforms.linux-x64"]
checksum = "sha256:28c3784f84165c0287cfdce156b4b19f349e53d5177430c407a7e59b6fb2b782"
url = "https://github.com/mizchi/starlint/releases/download/v0.7.2/starlint-linux-x64.tar.gz"
url_api = "https://api.github.com/repos/mizchi/starlint/releases/assets/352944671"

[[tools."github:zed-industries/zed"]]
version = "1.16.1"
backend = "github:zed-industries/zed"

[tools."github:zed-industries/zed".options]
asset_pattern = "zed-linux-x86_64.tar.gz"

[tools."github:zed-industries/zed"."platforms.linux-x64"]
checksum = "sha256:9e611add0c40e86b150372458a2d7b78d101c54924dc7bca8db27ce20d97c661"
url = "https://github.com/zed-industries/zed/releases/download/v1.16.1/zed-linux-x86_64.tar.gz"
url_api = "https://api.github.com/repos/zed-industries/zed/releases/assets/521022136"
provenance = "github-attestations"
provenance_verified = true

[[tools.herdr]]
version = "0.8.2"
backend = "aqua:ogulcancelik/herdr"

[tools.herdr."platforms.linux-x64"]
checksum = "sha256:976150a14d490c94b243ea2e1a7eb2dfb67f12e36b182db90936f6728e6aecf4"
url = "https://github.com/herdrdev/herdr/releases/download/v0.8.2/herdr-linux-x86_64"
url_api = "https://api.github.com/repos/herdrdev/herdr/releases/assets/521169107"

[[tools."http:coderabbit"]]
version = "0.7.5"
backend = "http:coderabbit"

[tools."http:coderabbit".options]
rename_exe = "coderabbit"

[tools."http:coderabbit"."platforms.linux-x64"]
checksum = "blake3:ed1190ae5515faa60ee742269ae6f82738454d23643b2db09c45b218ac60d0dd"
url = "https://cli.coderabbit.ai/releases/0.7.5/coderabbit-linux-x64.zip"

[[tools."npm:@earendil-works/pi-coding-agent"]]
version = "0.84.2"
backend = "npm:@earendil-works/pi-coding-agent"

[[tools."npm:@tobilu/qmd"]]
version = "2.8.3"
backend = "npm:@tobilu/qmd"

[tools."npm:@tobilu/qmd".options]
npm_args = "--ignore-scripts=false"

[[tools."npm:@xai-official/grok"]]
version = "1.0.5"
backend = "npm:@xai-official/grok"

[[tools."npm:agent-browser"]]
version = "0.34.0"
backend = "npm:agent-browser"

[[tools."pipx:apm-cli"]]
version = "0.28.0"
backend = "pipx:apm-cli"
