# @generated - this file is auto-generated by `mise lock` https://mise.jdx.dev/dev-tools/mise-lock.html

[[tools.aqua]]
version = "2.62.2"
backend = "github:aquaproj/aqua"

[tools.aqua."platforms.linux-x64"]
checksum = "sha256:3631bfb239a96eb5f70852308fd97ffcefa0247efd82327a422bca8cb98ad560"
url = "https://github.com/aquaproj/aqua/releases/download/v2.62.2/aqua_linux_amd64.tar.gz"
url_api = "https://api.github.com/repos/aquaproj/aqua/releases/assets/494685213"
provenance = "github-attestations"
provenance_verified = true

[[tools."github:agentika-labs/grepika"]]
version = "0.4.0"
backend = "github:agentika-labs/grepika"

[tools."github:agentika-labs/grepika".options]
asset_pattern = "grepika-x86_64-unknown-linux-gnu.tar.gz"

[tools."github:agentika-labs/grepika"."platforms.linux-x64"]
checksum = "sha256:d483212373fe7bb72ceda2b53603c4de340295d18702308b71e33b4b52aca15c"
url = "https://github.com/agentika-labs/grepika/releases/download/v0.4.0/grepika-x86_64-unknown-linux-gnu.tar.gz"
url_api = "https://api.github.com/repos/agentika-labs/grepika/releases/assets/454053138"

[[tools."github:justrach/codedb"]]
version = "0.2.5835"
backend = "github:justrach/codedb"

[tools."github:justrach/codedb".options]
asset_pattern = "codedb-linux-x86_64"

[tools."github:justrach/codedb"."platforms.linux-x64"]
checksum = "sha256:f5079c24fb8872f53e346e19bb297c679c0937932e2082f3f138d4e34bad593b"
url = "https://github.com/justrach/codedb/releases/download/v0.2.5835/codedb-linux-x86_64"
url_api = "https://api.github.com/repos/justrach/codedb/releases/assets/496983173"

[[tools."github:k1LoW/mo"]]
version = "1.6.6"
backend = "github:k1LoW/mo"

[tools."github:k1LoW/mo".options]
asset_pattern = "mo_v*_linux_amd64.tar.gz"

[tools."github:k1LoW/mo"."platforms.linux-x64"]
checksum = "sha256:efaacf08ccb828811dcd2b5bb0b82e764e54bcf545bad3a5d1ade39918f2796c"
url = "https://github.com/k1LoW/mo/releases/download/v1.6.6/mo_v1.6.6_linux_amd64.tar.gz"
url_api = "https://api.github.com/repos/k1LoW/mo/releases/assets/486016353"
provenance = "github-attestations"
provenance_verified = true

[[tools."github:mizchi/starlint"]]
version = "0.7.2"
backend = "github:mizchi/starlint"

[tools."github:mizchi/starlint".options]
asset_pattern = "starlint-linux-x64.tar.gz"

[tools."github:mizchi/starlint"."platforms.linux-x64"]
checksum = "sha256:28c3784f84165c0287cfdce156b4b19f349e53d5177430c407a7e59b6fb2b782"
url = "https://github.com/mizchi/starlint/releases/download/v0.7.2/starlint-linux-x64.tar.gz"
url_api = "https://api.github.com/repos/mizchi/starlint/releases/assets/352944671"

[[tools."github:zed-industries/zed"]]
version = "1.13.1"
backend = "github:zed-industries/zed"

[tools."github:zed-industries/zed".options]
asset_pattern = "zed-linux-x86_64.tar.gz"

[tools."github:zed-industries/zed"."platforms.linux-x64"]
checksum = "sha256:9f5638bdf28dd15dd8d82d092577e82de6cd3d0e0c96d2658e24a63df025b9f5"
url = "https://github.com/zed-industries/zed/releases/download/v1.13.1/zed-linux-x86_64.tar.gz"
url_api = "https://api.github.com/repos/zed-industries/zed/releases/assets/494199087"
provenance = "github-attestations"
provenance_verified = true

[[tools.herdr]]
version = "0.7.5"
backend = "aqua:ogulcancelik/herdr"

[tools.herdr."platforms.linux-x64"]
checksum = "sha256:3dc83288073e4c2d3c679a30e7be97bcca9141c6fd17dbbb9219142e95c59253"
url = "https://github.com/herdrdev/herdr/releases/download/v0.7.5/herdr-linux-x86_64"
url_api = "https://api.github.com/repos/herdrdev/herdr/releases/assets/484992544"

[[tools."http:coderabbit"]]
version = "0.7.1"
backend = "http:coderabbit"

[tools."http:coderabbit".options]
rename_exe = "coderabbit"

[tools."http:coderabbit"."platforms.linux-x64"]
checksum = "blake3:c46ecc21911af30407181750e0834ee03f14e7feb4ad4b001e0b65872056a5f6"
url = "https://cli.coderabbit.ai/releases/0.7.1/coderabbit-linux-x64.zip"

[[tools."npm:@tobilu/qmd"]]
version = "2.5.3"
backend = "npm:@tobilu/qmd"

[tools."npm:@tobilu/qmd".options]
npm_args = "--ignore-scripts=false"

[[tools."npm:@xai-official/grok"]]
version = "0.2.118"
backend = "npm:@xai-official/grok"

[[tools."npm:agent-browser"]]
version = "0.33.1"
backend = "npm:agent-browser"

[[tools."pipx:apm-cli"]]
version = "0.26.0"
backend = "pipx:apm-cli"
